
Microsoft Visual Studio Solution File, Format Version 12.00
# Visual Studio Version 17
VisualStudioVersion = 17.9.34714.143
MinimumVisualStudioVersion = 10.0.40219.1
Project("{FAE04EC0-301F-11D3-BF4B-00C04F79EFBC}") = "DrugManagement", "DrugManagement\DrugManagement.csproj", "{DD329FF4-64DD-4CCE-8D4E-0208E1AE31F7}"
EndProject
Global
	GlobalSection(SolutionConfigurationPlatforms) = preSolution
		Debug|Any CPU = Debug|Any CPU
		Release|Any CPU = Release|Any CPU
	EndGlobalSection
	GlobalSection(ProjectConfigurationPlatforms) = postSolution
		{DD329FF4-64DD-4CCE-8D4E-0208E1AE31F7}.Debug|Any CPU.ActiveCfg = Debug|Any CPU
		{DD329FF4-64DD-4CCE-8D4E-0208E1AE31F7}.Debug|Any CPU.Build.0 = Debug|Any CPU
		{DD329FF4-64DD-4CCE-8D4E-0208E1AE31F7}.Release|Any CPU.ActiveCfg = Release|Any CPU
		{DD329FF4-64DD-4CCE-8D4E-0208E1AE31F7}.Release|Any CPU.Build.0 = Release|Any CPU
	EndGlobalSection
	GlobalSection(SolutionProperties) = preSolution
		HideSolutionNode = FALSE
	EndGlobalSection
	GlobalSection(ExtensibilityGlobals) = postSolution
		SolutionGuid = {897A2A20-015B-4865-AB7D-4803902BD327}
	EndGlobalSection
EndGlobal
